
Microsoft Visual Studio Solution File, Format Version 12.00
# Visual Studio Version 17
VisualStudioVersion = 17.3.32929.385
MinimumVisualStudioVersion = 10.0.40219.1
Project("{FAE04EC0-301F-11D3-BF4B-00C04F79EFBC}") = "AuthServer.API", "AuthServer.API\AuthServer.API.csproj", "{96E710CE-C145-48D6-A70F-5DE26B51895B}"
EndProject
Project("{FAE04EC0-301F-11D3-BF4B-00C04F79EFBC}") = "AuthServer.Core", "AuthServer.Core\AuthServer.Core.csproj", "{D7F5BAEC-349C-40F6-A744-F5B53FB74AD2}"
EndProject
Project("{FAE04EC0-301F-11D3-BF4B-00C04F79EFBC}") = "AuthServer.Data", "AuthServer.Data\AuthServer.Data.csproj", "{E5A2C136-4D0C-4240-9FDA-A078EBDA1C19}"
EndProject
Project("{FAE04EC0-301F-11D3-BF4B-00C04F79EFBC}") = "AuthServer.Service", "AuthServer.Service\AuthServer.Service.csproj", "{88BB1425-B7C6-4BA7-B93A-DB198F003C3C}"
EndProject
Project("{FAE04EC0-301F-11D3-BF4B-00C04F79EFBC}") = "FirstMiniApp.API", "FirstMiniApp.API\FirstMiniApp.API.csproj", "{6A69D73F-7A02-46AF-B22A-1AFC0DA3188C}"
EndProject
Project("{FAE04EC0-301F-11D3-BF4B-00C04F79EFBC}") = "SecondMiniApp.API", "SecondMiniApp.API\SecondMiniApp.API.csproj", "{D4F70CA9-9C8F-4A91-B8D9-DCD83B69CE4D}"
EndProject
Project("{FAE04EC0-301F-11D3-BF4B-00C04F79EFBC}") = "ThirdMiniApp.API", "ThirdMiniApp.API\ThirdMiniApp.API.csproj", "{E5E93135-6E88-43D5-B657-42C131B202AD}"
EndProject
Project("{FAE04EC0-301F-11D3-BF4B-00C04F79EFBC}") = "SharedLibrary", "SharedLibrary\SharedLibrary.csproj", "{4C411B33-3191-450D-AD10-FE8963E73F64}"
EndProject
Global
	GlobalSection(SolutionConfigurationPlatforms) = preSolution
		Debug|Any CPU = Debug|Any CPU
		Release|Any CPU = Release|Any CPU
	EndGlobalSection
	GlobalSection(ProjectConfigurationPlatforms) = postSolution
		{96E710CE-C145-48D6-A70F-5DE26B51895B}.Debug|Any CPU.ActiveCfg = Debug|Any CPU
		{96E710CE-C145-48D6-A70F-5DE26B51895B}.Debug|Any CPU.Build.0 = Debug|Any CPU
		{96E710CE-C145-48D6-A70F-5DE26B51895B}.Release|Any CPU.ActiveCfg = Release|Any CPU
		{96E710CE-C145-48D6-A70F-5DE26B51895B}.Release|Any CPU.Build.0 = Release|Any CPU
		{D7F5BAEC-349C-40F6-A744-F5B53FB74AD2}.Debug|Any CPU.ActiveCfg = Debug|Any CPU
		{D7F5BAEC-349C-40F6-A744-F5B53FB74AD2}.Debug|Any CPU.Build.0 = Debug|Any CPU
		{D7F5BAEC-349C-40F6-A744-F5B53FB74AD2}.Release|Any CPU.ActiveCfg = Release|Any CPU
		{D7F5BAEC-349C-40F6-A744-F5B53FB74AD2}.Release|Any CPU.Build.0 = Release|Any CPU
		{E5A2C136-4D0C-4240-9FDA-A078EBDA1C19}.Debug|Any CPU.ActiveCfg = Debug|Any CPU
		{E5A2C136-4D0C-4240-9FDA-A078EBDA1C19}.Debug|Any CPU.Build.0 = Debug|Any CPU
		{E5A2C136-4D0C-4240-9FDA-A078EBDA1C19}.Release|Any CPU.ActiveCfg = Release|Any CPU
		{E5A2C136-4D0C-4240-9FDA-A078EBDA1C19}.Release|Any CPU.Build.0 = Release|Any CPU
		{88BB1425-B7C6-4BA7-B93A-DB198F003C3C}.Debug|Any CPU.ActiveCfg = Debug|Any CPU
		{88BB1425-B7C6-4BA7-B93A-DB198F003C3C}.Debug|Any CPU.Build.0 = Debug|Any CPU
		{88BB1425-B7C6-4BA7-B93A-DB198F003C3C}.Release|Any CPU.ActiveCfg = Release|Any CPU
		{88BB1425-B7C6-4BA7-B93A-DB198F003C3C}.Release|Any CPU.Build.0 = Release|Any CPU
		{6A69D73F-7A02-46AF-B22A-1AFC0DA3188C}.Debug|Any CPU.ActiveCfg = Debug|Any CPU
		{6A69D73F-7A02-46AF-B22A-1AFC0DA3188C}.Debug|Any CPU.Build.0 = Debug|Any CPU
		{6A69D73F-7A02-46AF-B22A-1AFC0DA3188C}.Release|Any CPU.ActiveCfg = Release|Any CPU
		{6A69D73F-7A02-46AF-B22A-1AFC0DA3188C}.Release|Any CPU.Build.0 = Release|Any CPU
		{D4F70CA9-9C8F-4A91-B8D9-DCD83B69CE4D}.Debug|Any CPU.ActiveCfg = Debug|Any CPU
		{D4F70CA9-9C8F-4A91-B8D9-DCD83B69CE4D}.Debug|Any CPU.Build.0 = Debug|Any CPU
		{D4F70CA9-9C8F-4A91-B8D9-DCD83B69CE4D}.Release|Any CPU.ActiveCfg = Release|Any CPU
		{D4F70CA9-9C8F-4A91-B8D9-DCD83B69CE4D}.Release|Any CPU.Build.0 = Release|Any CPU
		{E5E93135-6E88-43D5-B657-42C131B202AD}.Debug|Any CPU.ActiveCfg = Debug|Any CPU
		{E5E93135-6E88-43D5-B657-42C131B202AD}.Debug|Any CPU.Build.0 = Debug|Any CPU
		{E5E93135-6E88-43D5-B657-42C131B202AD}.Release|Any CPU.ActiveCfg = Release|Any CPU
		{E5E93135-6E88-43D5-B657-42C131B202AD}.Release|Any CPU.Build.0 = Release|Any CPU
		{4C411B33-3191-450D-AD10-FE8963E73F64}.Debug|Any CPU.ActiveCfg = Debug|Any CPU
		{4C411B33-3191-450D-AD10-FE8963E73F64}.Debug|Any CPU.Build.0 = Debug|Any CPU
		{4C411B33-3191-450D-AD10-FE8963E73F64}.Release|Any CPU.ActiveCfg = Release|Any CPU
		{4C411B33-3191-450D-AD10-FE8963E73F64}.Release|Any CPU.Build.0 = Release|Any CPU
	EndGlobalSection
	GlobalSection(SolutionProperties) = preSolution
		HideSolutionNode = FALSE
	EndGlobalSection
	GlobalSection(ExtensibilityGlobals) = postSolution
		SolutionGuid = {8597590E-E2A4-46F4-850B-667EC1085FFD}
	EndGlobalSection
EndGlobal
